
Microsoft Visual Studio Solution File, Format Version 12.00
# Visual Studio 15
VisualStudioVersion = 15.0.27703.2047
MinimumVisualStudioVersion = 10.0.40219.1
Project("{FAE04EC0-301F-11D3-BF4B-00C04F79EFBC}") = "SignalRStockTicker", "SignalRStockTicker\SignalRStockTicker.csproj", "{FD08410D-CE5B-43B8-B6C5-DB2328DDC937}"
EndProject
Global
	GlobalSection(SolutionConfigurationPlatforms) = preSolution
		Debug|Any CPU = Debug|Any CPU
		Release|Any CPU = Release|Any CPU
	EndGlobalSection
	GlobalSection(ProjectConfigurationPlatforms) = postSolution
		{FD08410D-CE5B-43B8-B6C5-DB2328DDC937}.Debug|Any CPU.ActiveCfg = Debug|Any CPU
		{FD08410D-CE5B-43B8-B6C5-DB2328DDC937}.Debug|Any CPU.Build.0 = Debug|Any CPU
		{FD08410D-CE5B-43B8-B6C5-DB2328DDC937}.Release|Any CPU.ActiveCfg = Release|Any CPU
		{FD08410D-CE5B-43B8-B6C5-DB2328DDC937}.Release|Any CPU.Build.0 = Release|Any CPU
	EndGlobalSection
	GlobalSection(SolutionProperties) = preSolution
		HideSolutionNode = FALSE
	EndGlobalSection
	GlobalSection(ExtensibilityGlobals) = postSolution
		SolutionGuid = {46E4E53D-C086-4B27-8ABD-047251E77226}
	EndGlobalSection
EndGlobal
